
Microsoft Visual Studio Solution File, Format Version 12.00
# Visual Studio 2017
Project("{FAE04EC0-301F-11D3-BF4B-00C04F79EFBC}") = "MixedRealityRobotics", "MixedRealityRobotics.csproj", "{31E4A4D5-43EE-7367-9FA5-8EFD774C4B0E}"
EndProject
Project("{FAE04EC0-301F-11D3-BF4B-00C04F79EFBC}") = "MixedRealityRobotics.Plugins", "MixedRealityRobotics.Plugins.csproj", "{77462672-8F51-B1A4-9AC7-B975EEFB7E73}"
EndProject
Project("{FAE04EC0-301F-11D3-BF4B-00C04F79EFBC}") = "MixedRealityRobotics.Editor.Plugins", "MixedRealityRobotics.Editor.Plugins.csproj", "{5BD7BE4A-C11C-A2D9-D6B5-3A4A5CC187C5}"
EndProject
Project("{FAE04EC0-301F-11D3-BF4B-00C04F79EFBC}") = "MixedRealityRobotics.Editor", "MixedRealityRobotics.Editor.csproj", "{61172558-6D01-F896-A691-168048030740}"
EndProject
Global
	GlobalSection(SolutionConfigurationPlatforms) = preSolution
		Debug|Any CPU = Debug|Any CPU
		Release|Any CPU = Release|Any CPU
	EndGlobalSection
	GlobalSection(ProjectConfigurationPlatforms) = postSolution
		{31E4A4D5-43EE-7367-9FA5-8EFD774C4B0E}.Debug|Any CPU.ActiveCfg = Debug|Any CPU
		{31E4A4D5-43EE-7367-9FA5-8EFD774C4B0E}.Debug|Any CPU.Build.0 = Debug|Any CPU
		{31E4A4D5-43EE-7367-9FA5-8EFD774C4B0E}.Release|Any CPU.ActiveCfg = Release|Any CPU
		{31E4A4D5-43EE-7367-9FA5-8EFD774C4B0E}.Release|Any CPU.Build.0 = Release|Any CPU
		{77462672-8F51-B1A4-9AC7-B975EEFB7E73}.Debug|Any CPU.ActiveCfg = Debug|Any CPU
		{77462672-8F51-B1A4-9AC7-B975EEFB7E73}.Debug|Any CPU.Build.0 = Debug|Any CPU
		{77462672-8F51-B1A4-9AC7-B975EEFB7E73}.Release|Any CPU.ActiveCfg = Release|Any CPU
		{77462672-8F51-B1A4-9AC7-B975EEFB7E73}.Release|Any CPU.Build.0 = Release|Any CPU
		{5BD7BE4A-C11C-A2D9-D6B5-3A4A5CC187C5}.Debug|Any CPU.ActiveCfg = Debug|Any CPU
		{5BD7BE4A-C11C-A2D9-D6B5-3A4A5CC187C5}.Debug|Any CPU.Build.0 = Debug|Any CPU
		{5BD7BE4A-C11C-A2D9-D6B5-3A4A5CC187C5}.Release|Any CPU.ActiveCfg = Release|Any CPU
		{5BD7BE4A-C11C-A2D9-D6B5-3A4A5CC187C5}.Release|Any CPU.Build.0 = Release|Any CPU
		{61172558-6D01-F896-A691-168048030740}.Debug|Any CPU.ActiveCfg = Debug|Any CPU
		{61172558-6D01-F896-A691-168048030740}.Debug|Any CPU.Build.0 = Debug|Any CPU
		{61172558-6D01-F896-A691-168048030740}.Release|Any CPU.ActiveCfg = Release|Any CPU
		{61172558-6D01-F896-A691-168048030740}.Release|Any CPU.Build.0 = Release|Any CPU
	EndGlobalSection
	GlobalSection(SolutionProperties) = preSolution
		HideSolutionNode = FALSE
	EndGlobalSection
EndGlobal
